
Microsoft Visual Studio Solution File, Format Version 12.00
# Visual Studio 14
VisualStudioVersion = 14.0.25420.1
MinimumVisualStudioVersion = 10.0.40219.1
Project("{FAE04EC0-301F-11D3-BF4B-00C04F79EFBC}") = "ProHealth.Droid", "ProHealth.Droid\ProHealth.Droid.csproj", "{BA103E16-57CA-4FD6-A8D5-EFD9361F8AD4}"
EndProject
Project("{FAE04EC0-301F-11D3-BF4B-00C04F79EFBC}") = "ProHealth.Core", "ProHealth.Core\ProHealth.Core.csproj", "{6D41AC6D-6888-4C0F-B23F-2C5BB7420F99}"
EndProject
Global
	GlobalSection(SolutionConfigurationPlatforms) = preSolution
		Debug|Any CPU = Debug|Any CPU
		Release|Any CPU = Release|Any CPU
	EndGlobalSection
	GlobalSection(ProjectConfigurationPlatforms) = postSolution
		{BA103E16-57CA-4FD6-A8D5-EFD9361F8AD4}.Debug|Any CPU.ActiveCfg = Debug|Any CPU
		{BA103E16-57CA-4FD6-A8D5-EFD9361F8AD4}.Debug|Any CPU.Build.0 = Debug|Any CPU
		{BA103E16-57CA-4FD6-A8D5-EFD9361F8AD4}.Debug|Any CPU.Deploy.0 = Debug|Any CPU
		{BA103E16-57CA-4FD6-A8D5-EFD9361F8AD4}.Release|Any CPU.ActiveCfg = Release|Any CPU
		{BA103E16-57CA-4FD6-A8D5-EFD9361F8AD4}.Release|Any CPU.Build.0 = Release|Any CPU
		{BA103E16-57CA-4FD6-A8D5-EFD9361F8AD4}.Release|Any CPU.Deploy.0 = Release|Any CPU
		{6D41AC6D-6888-4C0F-B23F-2C5BB7420F99}.Debug|Any CPU.ActiveCfg = Debug|Any CPU
		{6D41AC6D-6888-4C0F-B23F-2C5BB7420F99}.Debug|Any CPU.Build.0 = Debug|Any CPU
		{6D41AC6D-6888-4C0F-B23F-2C5BB7420F99}.Release|Any CPU.ActiveCfg = Release|Any CPU
		{6D41AC6D-6888-4C0F-B23F-2C5BB7420F99}.Release|Any CPU.Build.0 = Release|Any CPU
	EndGlobalSection
	GlobalSection(SolutionProperties) = preSolution
		HideSolutionNode = FALSE
	EndGlobalSection
EndGlobal
